
Microsoft Visual Studio Solution File, Format Version 12.00
# Visual Studio Version 17
VisualStudioVersion = 17.0.31903.59
MinimumVisualStudioVersion = 10.0.40219.1
Project("{2150E333-8FDC-42A3-9474-1A3956D46DE8}") = "src", "src", "{827E0CD3-B72D-47B6-A68D-7590B98EB39B}"
EndProject
Project("{2150E333-8FDC-42A3-9474-1A3956D46DE8}") = "catalog", "catalog", "{AE156C2D-CEB6-2932-52E1-7BB3F5577BA2}"
EndProject
Project("{FAE04EC0-301F-11D3-BF4B-00C04F79EFBC}") = "TemporalEngine.Catalog.Data", "src\catalog\TemporalEngine.Catalog.Data\TemporalEngine.Catalog.Data.csproj", "{54AEBDE8-F4CF-4AE6-894E-37FEC64BAF17}"
EndProject
Project("{FAE04EC0-301F-11D3-BF4B-00C04F79EFBC}") = "TemporalEngine.Catalog.Domain", "src\catalog\TemporalEngine.Catalog.Domain\TemporalEngine.Catalog.Domain.csproj", "{7A1E5E41-0B43-4B2F-ACB6-12447CDAC0FE}"
EndProject
Project("{FAE04EC0-301F-11D3-BF4B-00C04F79EFBC}") = "TemporalEngine.Catalog.Contracts", "src\catalog\TemporalEngine.Catalog.Contracts\TemporalEngine.Catalog.Contracts.csproj", "{E88C8FD8-18F6-415D-BEAD-9C22C19E3CF9}"
EndProject
Project("{FAE04EC0-301F-11D3-BF4B-00C04F79EFBC}") = "TemporalEngine.Catalog.Workflows", "src\catalog\TemporalEngine.Catalog.Workflows\TemporalEngine.Catalog.Workflows.csproj", "{ABF50C71-7E12-4625-8BD4-B02B4E118363}"
EndProject
Project("{2150E333-8FDC-42A3-9474-1A3956D46DE8}") = "sport", "sport", "{50206D49-8E92-0B21-9D9A-1772BDF39582}"
EndProject
Project("{FAE04EC0-301F-11D3-BF4B-00C04F79EFBC}") = "TemporalEngine.Sport.Contracts", "src\sport\TemporalEngine.Sport.Contracts\TemporalEngine.Sport.Contracts.csproj", "{D470AB3C-5E45-40E6-AF1D-CC5DABDFEAAF}"
EndProject
Project("{FAE04EC0-301F-11D3-BF4B-00C04F79EFBC}") = "TemporalEngine.Sport.Workflows", "src\sport\TemporalEngine.Sport.Workflows\TemporalEngine.Sport.Workflows.csproj", "{147E9279-5AD2-4C81-8036-28C6D7112210}"
EndProject
Project("{FAE04EC0-301F-11D3-BF4B-00C04F79EFBC}") = "TemporalEngine.Sport.Data", "src\sport\TemporalEngine.Sport.Data\TemporalEngine.Sport.Data.csproj", "{621A6778-11B0-4D6C-A2D7-B13AF05B6239}"
EndProject
Project("{FAE04EC0-301F-11D3-BF4B-00C04F79EFBC}") = "TemporalEngine.Sport.Domain", "src\sport\TemporalEngine.Sport.Domain\TemporalEngine.Sport.Domain.csproj", "{0A625294-98C7-4DE9-8004-1229FBFF3007}"
EndProject
Project("{2150E333-8FDC-42A3-9474-1A3956D46DE8}") = "shared", "shared", "{C8E42992-5E42-0C2B-DBFE-AA848D06431C}"
EndProject
Project("{FAE04EC0-301F-11D3-BF4B-00C04F79EFBC}") = "TemporalEngine.Shared.Contracts", "src\shared\TemporalEngine.Shared.Contracts\TemporalEngine.Shared.Contracts.csproj", "{E0475404-FDBB-46F7-AB6E-A4B6BAD9898D}"
EndProject
Project("{2150E333-8FDC-42A3-9474-1A3956D46DE8}") = "finance", "finance", "{5730B8B0-EDE2-7326-0AC0-82D06C96F97B}"
EndProject
Project("{FAE04EC0-301F-11D3-BF4B-00C04F79EFBC}") = "TemporalEngine.Finance.Data", "src\finance\TemporalEngine.Finance.Data\TemporalEngine.Finance.Data.csproj", "{EE23FB8C-601C-414B-A2A7-D19389B72E02}"
EndProject
Project("{FAE04EC0-301F-11D3-BF4B-00C04F79EFBC}") = "TemporalEngine.Finance.Contracts", "src\finance\TemporalEngine.Finance.Contracts\TemporalEngine.Finance.Contracts.csproj", "{6C20BB9B-B9BE-483D-B370-E8F7F7D7D353}"
EndProject
Project("{FAE04EC0-301F-11D3-BF4B-00C04F79EFBC}") = "TemporalEngine.Finance.Workflows", "src\finance\TemporalEngine.Finance.Workflows\TemporalEngine.Finance.Workflows.csproj", "{F61CD25A-7DCF-41D8-B2BA-B92878F41EFF}"
EndProject
Project("{FAE04EC0-301F-11D3-BF4B-00C04F79EFBC}") = "TemporalEngine.Finance.Domain", "src\finance\TemporalEngine.Finance.Domain\TemporalEngine.Finance.Domain.csproj", "{523A5F88-064F-4C93-A4BE-A9AEB075D5AC}"
EndProject
Project("{2150E333-8FDC-42A3-9474-1A3956D46DE8}") = "hosts", "hosts", "{C79C3622-AC92-5B3C-4F71-0BD0E7B3816F}"
EndProject
Project("{FAE04EC0-301F-11D3-BF4B-00C04F79EFBC}") = "TemporalEngine.Schedules", "src\hosts\TemporalEngine.Schedules\TemporalEngine.Schedules.csproj", "{D45FD474-CA20-41E8-968A-073D2A91E7C6}"
EndProject
Project("{FAE04EC0-301F-11D3-BF4B-00C04F79EFBC}") = "TemporalEngine.Worker", "src\hosts\TemporalEngine.Worker\TemporalEngine.Worker.csproj", "{28CC8A0A-871B-4E00-9335-D8047AD909B6}"
EndProject
Project("{2150E333-8FDC-42A3-9474-1A3956D46DE8}") = "tests", "tests", "{0AB3BF05-4346-4AA6-1389-037BE0695223}"
EndProject
Project("{FAE04EC0-301F-11D3-BF4B-00C04F79EFBC}") = "TemporalEngine.Finance.Tests", "tests\TemporalEngine.Finance.Tests\TemporalEngine.Finance.Tests.csproj", "{B9BA8923-8124-41DF-BB72-172FDCF66DA1}"
EndProject
Project("{FAE04EC0-301F-11D3-BF4B-00C04F79EFBC}") = "TemporalEngine.Catalog.Tests", "tests\TemporalEngine.Catalog.Tests\TemporalEngine.Catalog.Tests.csproj", "{99571781-D39F-4FE7-B2EA-F4FE2D0D008C}"
EndProject
Project("{FAE04EC0-301F-11D3-BF4B-00C04F79EFBC}") = "TemporalEngine.Sport.Tests", "tests\TemporalEngine.Sport.Tests\TemporalEngine.Sport.Tests.csproj", "{C067DB00-25F3-49C2-8EBF-8E5B93F55A7C}"
EndProject
Project("{FAE04EC0-301F-11D3-BF4B-00C04F79EFBC}") = "TemporalEngine.Sport.Api", "src\sport\TemporalEngine.Sport.Api\TemporalEngine.Sport.Api.csproj", "{0E247781-1432-45B0-83B8-59E05EC4D70E}"
EndProject
Project("{FAE04EC0-301F-11D3-BF4B-00C04F79EFBC}") = "TemporalEngine.Catalog.Api", "src\catalog\TemporalEngine.Catalog.Api\TemporalEngine.Catalog.Api.csproj", "{C6528D5D-1818-47B1-A5FA-E607497B014D}"
EndProject
Project("{FAE04EC0-301F-11D3-BF4B-00C04F79EFBC}") = "TemporalEngine.Finance.Api", "src\finance\TemporalEngine.Finance.Api\TemporalEngine.Finance.Api.csproj", "{42645883-4946-4748-A9D3-8F342014F57F}"
EndProject
Project("{FAE04EC0-301F-11D3-BF4B-00C04F79EFBC}") = "TemporalEngine.DemoDriver", "src\hosts\TemporalEngine.DemoDriver\TemporalEngine.DemoDriver.csproj", "{DA333E92-2F40-4D17-B484-8BD3547B2545}"
EndProject
Project("{FAE04EC0-301F-11D3-BF4B-00C04F79EFBC}") = "TemporalEngine.ServiceDefaults", "src\shared\TemporalEngine.ServiceDefaults\TemporalEngine.ServiceDefaults.csproj", "{5054A985-1D1E-450B-970A-3B92EB9E069F}"
EndProject
Project("{FAE04EC0-301F-11D3-BF4B-00C04F79EFBC}") = "TemporalEngine.AppHost", "src\hosts\TemporalEngine.AppHost\TemporalEngine.AppHost.csproj", "{87DB06BC-E904-4529-AC77-0499E13A99B1}"
EndProject
Global
	GlobalSection(SolutionConfigurationPlatforms) = preSolution
		Debug|Any CPU = Debug|Any CPU
		Debug|x64 = Debug|x64
		Debug|x86 = Debug|x86
		Release|Any CPU = Release|Any CPU
		Release|x64 = Release|x64
		Release|x86 = Release|x86
	EndGlobalSection
	GlobalSection(ProjectConfigurationPlatforms) = postSolution
		{54AEBDE8-F4CF-4AE6-894E-37FEC64BAF17}.Debug|Any CPU.ActiveCfg = Debug|Any CPU
		{54AEBDE8-F4CF-4AE6-894E-37FEC64BAF17}.Debug|Any CPU.Build.0 = Debug|Any CPU
		{54AEBDE8-F4CF-4AE6-894E-37FEC64BAF17}.Debug|x64.ActiveCfg = Debug|Any CPU
		{54AEBDE8-F4CF-4AE6-894E-37FEC64BAF17}.Debug|x64.Build.0 = Debug|Any CPU
		{54AEBDE8-F4CF-4AE6-894E-37FEC64BAF17}.Debug|x86.ActiveCfg = Debug|Any CPU
		{54AEBDE8-F4CF-4AE6-894E-37FEC64BAF17}.Debug|x86.Build.0 = Debug|Any CPU
		{54AEBDE8-F4CF-4AE6-894E-37FEC64BAF17}.Release|Any CPU.ActiveCfg = Release|Any CPU
		{54AEBDE8-F4CF-4AE6-894E-37FEC64BAF17}.Release|Any CPU.Build.0 = Release|Any CPU
		{54AEBDE8-F4CF-4AE6-894E-37FEC64BAF17}.Release|x64.ActiveCfg = Release|Any CPU
		{54AEBDE8-F4CF-4AE6-894E-37FEC64BAF17}.Release|x64.Build.0 = Release|Any CPU
		{54AEBDE8-F4CF-4AE6-894E-37FEC64BAF17}.Release|x86.ActiveCfg = Release|Any CPU
		{54AEBDE8-F4CF-4AE6-894E-37FEC64BAF17}.Release|x86.Build.0 = Release|Any CPU
		{7A1E5E41-0B43-4B2F-ACB6-12447CDAC0FE}.Debug|Any CPU.ActiveCfg = Debug|Any CPU
		{7A1E5E41-0B43-4B2F-ACB6-12447CDAC0FE}.Debug|Any CPU.Build.0 = Debug|Any CPU
		{7A1E5E41-0B43-4B2F-ACB6-12447CDAC0FE}.Debug|x64.ActiveCfg = Debug|Any CPU
		{7A1E5E41-0B43-4B2F-ACB6-12447CDAC0FE}.Debug|x64.Build.0 = Debug|Any CPU
		{7A1E5E41-0B43-4B2F-ACB6-12447CDAC0FE}.Debug|x86.ActiveCfg = Debug|Any CPU
		{7A1E5E41-0B43-4B2F-ACB6-12447CDAC0FE}.Debug|x86.Build.0 = Debug|Any CPU
		{7A1E5E41-0B43-4B2F-ACB6-12447CDAC0FE}.Release|Any CPU.ActiveCfg = Release|Any CPU
		{7A1E5E41-0B43-4B2F-ACB6-12447CDAC0FE}.Release|Any CPU.Build.0 = Release|Any CPU
		{7A1E5E41-0B43-4B2F-ACB6-12447CDAC0FE}.Release|x64.ActiveCfg = Release|Any CPU
		{7A1E5E41-0B43-4B2F-ACB6-12447CDAC0FE}.Release|x64.Build.0 = Release|Any CPU
		{7A1E5E41-0B43-4B2F-ACB6-12447CDAC0FE}.Release|x86.ActiveCfg = Release|Any CPU
		{7A1E5E41-0B43-4B2F-ACB6-12447CDAC0FE}.Release|x86.Build.0 = Release|Any CPU
		{E88C8FD8-18F6-415D-BEAD-9C22C19E3CF9}.Debug|Any CPU.ActiveCfg = Debug|Any CPU
		{E88C8FD8-18F6-415D-BEAD-9C22C19E3CF9}.Debug|Any CPU.Build.0 = Debug|Any CPU
		{E88C8FD8-18F6-415D-BEAD-9C22C19E3CF9}.Debug|x64.ActiveCfg = Debug|Any CPU
		{E88C8FD8-18F6-415D-BEAD-9C22C19E3CF9}.Debug|x64.Build.0 = Debug|Any CPU
		{E88C8FD8-18F6-415D-BEAD-9C22C19E3CF9}.Debug|x86.ActiveCfg = Debug|Any CPU
		{E88C8FD8-18F6-415D-BEAD-9C22C19E3CF9}.Debug|x86.Build.0 = Debug|Any CPU
		{E88C8FD8-18F6-415D-BEAD-9C22C19E3CF9}.Release|Any CPU.ActiveCfg = Release|Any CPU
		{E88C8FD8-18F6-415D-BEAD-9C22C19E3CF9}.Release|Any CPU.Build.0 = Release|Any CPU
		{E88C8FD8-18F6-415D-BEAD-9C22C19E3CF9}.Release|x64.ActiveCfg = Release|Any CPU
		{E88C8FD8-18F6-415D-BEAD-9C22C19E3CF9}.Release|x64.Build.0 = Release|Any CPU
		{E88C8FD8-18F6-415D-BEAD-9C22C19E3CF9}.Release|x86.ActiveCfg = Release|Any CPU
		{E88C8FD8-18F6-415D-BEAD-9C22C19E3CF9}.Release|x86.Build.0 = Release|Any CPU
		{ABF50C71-7E12-4625-8BD4-B02B4E118363}.Debug|Any CPU.ActiveCfg = Debug|Any CPU
		{ABF50C71-7E12-4625-8BD4-B02B4E118363}.Debug|Any CPU.Build.0 = Debug|Any CPU
		{ABF50C71-7E12-4625-8BD4-B02B4E118363}.Debug|x64.ActiveCfg = Debug|Any CPU
		{ABF50C71-7E12-4625-8BD4-B02B4E118363}.Debug|x64.Build.0 = Debug|Any CPU
		{ABF50C71-7E12-4625-8BD4-B02B4E118363}.Debug|x86.ActiveCfg = Debug|Any CPU
		{ABF50C71-7E12-4625-8BD4-B02B4E118363}.Debug|x86.Build.0 = Debug|Any CPU
		{ABF50C71-7E12-4625-8BD4-B02B4E118363}.Release|Any CPU.ActiveCfg = Release|Any CPU
		{ABF50C71-7E12-4625-8BD4-B02B4E118363}.Release|Any CPU.Build.0 = Release|Any CPU
		{ABF50C71-7E12-4625-8BD4-B02B4E118363}.Release|x64.ActiveCfg = Release|Any CPU
		{ABF50C71-7E12-4625-8BD4-B02B4E118363}.Release|x64.Build.0 = Release|Any CPU
		{ABF50C71-7E12-4625-8BD4-B02B4E118363}.Release|x86.ActiveCfg = Release|Any CPU
		{ABF50C71-7E12-4625-8BD4-B02B4E118363}.Release|x86.Build.0 = Release|Any CPU
		{D470AB3C-5E45-40E6-AF1D-CC5DABDFEAAF}.Debug|Any CPU.ActiveCfg = Debug|Any CPU
		{D470AB3C-5E45-40E6-AF1D-CC5DABDFEAAF}.Debug|Any CPU.Build.0 = Debug|Any CPU
		{D470AB3C-5E45-40E6-AF1D-CC5DABDFEAAF}.Debug|x64.ActiveCfg = Debug|Any CPU
		{D470AB3C-5E45-40E6-AF1D-CC5DABDFEAAF}.Debug|x64.Build.0 = Debug|Any CPU
		{D470AB3C-5E45-40E6-AF1D-CC5DABDFEAAF}.Debug|x86.ActiveCfg = Debug|Any CPU
		{D470AB3C-5E45-40E6-AF1D-CC5DABDFEAAF}.Debug|x86.Build.0 = Debug|Any CPU
		{D470AB3C-5E45-40E6-AF1D-CC5DABDFEAAF}.Release|Any CPU.ActiveCfg = Release|Any CPU
		{D470AB3C-5E45-40E6-AF1D-CC5DABDFEAAF}.Release|Any CPU.Build.0 = Release|Any CPU
		{D470AB3C-5E45-40E6-AF1D-CC5DABDFEAAF}.Release|x64.ActiveCfg = Release|Any CPU
		{D470AB3C-5E45-40E6-AF1D-CC5DABDFEAAF}.Release|x64.Build.0 = Release|Any CPU
		{D470AB3C-5E45-40E6-AF1D-CC5DABDFEAAF}.Release|x86.ActiveCfg = Release|Any CPU
		{D470AB3C-5E45-40E6-AF1D-CC5DABDFEAAF}.Release|x86.Build.0 = Release|Any CPU
		{147E9279-5AD2-4C81-8036-28C6D7112210}.Debug|Any CPU.ActiveCfg = Debug|Any CPU
		{147E9279-5AD2-4C81-8036-28C6D7112210}.Debug|Any CPU.Build.0 = Debug|Any CPU
		{147E9279-5AD2-4C81-8036-28C6D7112210}.Debug|x64.ActiveCfg = Debug|Any CPU
		{147E9279-5AD2-4C81-8036-28C6D7112210}.Debug|x64.Build.0 = Debug|Any CPU
		{147E9279-5AD2-4C81-8036-28C6D7112210}.Debug|x86.ActiveCfg = Debug|Any CPU
		{147E9279-5AD2-4C81-8036-28C6D7112210}.Debug|x86.Build.0 = Debug|Any CPU
		{147E9279-5AD2-4C81-8036-28C6D7112210}.Release|Any CPU.ActiveCfg = Release|Any CPU
		{147E9279-5AD2-4C81-8036-28C6D7112210}.Release|Any CPU.Build.0 = Release|Any CPU
		{147E9279-5AD2-4C81-8036-28C6D7112210}.Release|x64.ActiveCfg = Release|Any CPU
		{147E9279-5AD2-4C81-8036-28C6D7112210}.Release|x64.Build.0 = Release|Any CPU
		{147E9279-5AD2-4C81-8036-28C6D7112210}.Release|x86.ActiveCfg = Release|Any CPU
		{147E9279-5AD2-4C81-8036-28C6D7112210}.Release|x86.Build.0 = Release|Any CPU
		{621A6778-11B0-4D6C-A2D7-B13AF05B6239}.Debug|Any CPU.ActiveCfg = Debug|Any CPU
		{621A6778-11B0-4D6C-A2D7-B13AF05B6239}.Debug|Any CPU.Build.0 = Debug|Any CPU
		{621A6778-11B0-4D6C-A2D7-B13AF05B6239}.Debug|x64.ActiveCfg = Debug|Any CPU
		{621A6778-11B0-4D6C-A2D7-B13AF05B6239}.Debug|x64.Build.0 = Debug|Any CPU
		{621A6778-11B0-4D6C-A2D7-B13AF05B6239}.Debug|x86.ActiveCfg = Debug|Any CPU
		{621A6778-11B0-4D6C-A2D7-B13AF05B6239}.Debug|x86.Build.0 = Debug|Any CPU
		{621A6778-11B0-4D6C-A2D7-B13AF05B6239}.Release|Any CPU.ActiveCfg = Release|Any CPU
		{621A6778-11B0-4D6C-A2D7-B13AF05B6239}.Release|Any CPU.Build.0 = Release|Any CPU
		{621A6778-11B0-4D6C-A2D7-B13AF05B6239}.Release|x64.ActiveCfg = Release|Any CPU
		{621A6778-11B0-4D6C-A2D7-B13AF05B6239}.Release|x64.Build.0 = Release|Any CPU
		{621A6778-11B0-4D6C-A2D7-B13AF05B6239}.Release|x86.ActiveCfg = Release|Any CPU
		{621A6778-11B0-4D6C-A2D7-B13AF05B6239}.Release|x86.Build.0 = Release|Any CPU
		{0A625294-98C7-4DE9-8004-1229FBFF3007}.Debug|Any CPU.ActiveCfg = Debug|Any CPU
		{0A625294-98C7-4DE9-8004-1229FBFF3007}.Debug|Any CPU.Build.0 = Debug|Any CPU
		{0A625294-98C7-4DE9-8004-1229FBFF3007}.Debug|x64.ActiveCfg = Debug|Any CPU
		{0A625294-98C7-4DE9-8004-1229FBFF3007}.Debug|x64.Build.0 = Debug|Any CPU
		{0A625294-98C7-4DE9-8004-1229FBFF3007}.Debug|x86.ActiveCfg = Debug|Any CPU
		{0A625294-98C7-4DE9-8004-1229FBFF3007}.Debug|x86.Build.0 = Debug|Any CPU
		{0A625294-98C7-4DE9-8004-1229FBFF3007}.Release|Any CPU.ActiveCfg = Release|Any CPU
		{0A625294-98C7-4DE9-8004-1229FBFF3007}.Release|Any CPU.Build.0 = Release|Any CPU
		{0A625294-98C7-4DE9-8004-1229FBFF3007}.Release|x64.ActiveCfg = Release|Any CPU
		{0A625294-98C7-4DE9-8004-1229FBFF3007}.Release|x64.Build.0 = Release|Any CPU
		{0A625294-98C7-4DE9-8004-1229FBFF3007}.Release|x86.ActiveCfg = Release|Any CPU
		{0A625294-98C7-4DE9-8004-1229FBFF3007}.Release|x86.Build.0 = Release|Any CPU
		{E0475404-FDBB-46F7-AB6E-A4B6BAD9898D}.Debug|Any CPU.ActiveCfg = Debug|Any CPU
		{E0475404-FDBB-46F7-AB6E-A4B6BAD9898D}.Debug|Any CPU.Build.0 = Debug|Any CPU
		{E0475404-FDBB-46F7-AB6E-A4B6BAD9898D}.Debug|x64.ActiveCfg = Debug|Any CPU
		{E0475404-FDBB-46F7-AB6E-A4B6BAD9898D}.Debug|x64.Build.0 = Debug|Any CPU
		{E0475404-FDBB-46F7-AB6E-A4B6BAD9898D}.Debug|x86.ActiveCfg = Debug|Any CPU
		{E0475404-FDBB-46F7-AB6E-A4B6BAD9898D}.Debug|x86.Build.0 = Debug|Any CPU
		{E0475404-FDBB-46F7-AB6E-A4B6BAD9898D}.Release|Any CPU.ActiveCfg = Release|Any CPU
		{E0475404-FDBB-46F7-AB6E-A4B6BAD9898D}.Release|Any CPU.Build.0 = Release|Any CPU
		{E0475404-FDBB-46F7-AB6E-A4B6BAD9898D}.Release|x64.ActiveCfg = Release|Any CPU
		{E0475404-FDBB-46F7-AB6E-A4B6BAD9898D}.Release|x64.Build.0 = Release|Any CPU
		{E0475404-FDBB-46F7-AB6E-A4B6BAD9898D}.Release|x86.ActiveCfg = Release|Any CPU
		{E0475404-FDBB-46F7-AB6E-A4B6BAD9898D}.Release|x86.Build.0 = Release|Any CPU
		{EE23FB8C-601C-414B-A2A7-D19389B72E02}.Debug|Any CPU.ActiveCfg = Debug|Any CPU
		{EE23FB8C-601C-414B-A2A7-D19389B72E02}.Debug|Any CPU.Build.0 = Debug|Any CPU
		{EE23FB8C-601C-414B-A2A7-D19389B72E02}.Debug|x64.ActiveCfg = Debug|Any CPU
		{EE23FB8C-601C-414B-A2A7-D19389B72E02}.Debug|x64.Build.0 = Debug|Any CPU
		{EE23FB8C-601C-414B-A2A7-D19389B72E02}.Debug|x86.ActiveCfg = Debug|Any CPU
		{EE23FB8C-601C-414B-A2A7-D19389B72E02}.Debug|x86.Build.0 = Debug|Any CPU
		{EE23FB8C-601C-414B-A2A7-D19389B72E02}.Release|Any CPU.ActiveCfg = Release|Any CPU
		{EE23FB8C-601C-414B-A2A7-D19389B72E02}.Release|Any CPU.Build.0 = Release|Any CPU
		{EE23FB8C-601C-414B-A2A7-D19389B72E02}.Release|x64.ActiveCfg = Release|Any CPU
		{EE23FB8C-601C-414B-A2A7-D19389B72E02}.Release|x64.Build.0 = Release|Any CPU
		{EE23FB8C-601C-414B-A2A7-D19389B72E02}.Release|x86.ActiveCfg = Release|Any CPU
		{EE23FB8C-601C-414B-A2A7-D19389B72E02}.Release|x86.Build.0 = Release|Any CPU
		{6C20BB9B-B9BE-483D-B370-E8F7F7D7D353}.Debug|Any CPU.ActiveCfg = Debug|Any CPU
		{6C20BB9B-B9BE-483D-B370-E8F7F7D7D353}.Debug|Any CPU.Build.0 = Debug|Any CPU
		{6C20BB9B-B9BE-483D-B370-E8F7F7D7D353}.Debug|x64.ActiveCfg = Debug|Any CPU
		{6C20BB9B-B9BE-483D-B370-E8F7F7D7D353}.Debug|x64.Build.0 = Debug|Any CPU
		{6C20BB9B-B9BE-483D-B370-E8F7F7D7D353}.Debug|x86.ActiveCfg = Debug|Any CPU
		{6C20BB9B-B9BE-483D-B370-E8F7F7D7D353}.Debug|x86.Build.0 = Debug|Any CPU
		{6C20BB9B-B9BE-483D-B370-E8F7F7D7D353}.Release|Any CPU.ActiveCfg = Release|Any CPU
		{6C20BB9B-B9BE-483D-B370-E8F7F7D7D353}.Release|Any CPU.Build.0 = Release|Any CPU
		{6C20BB9B-B9BE-483D-B370-E8F7F7D7D353}.Release|x64.ActiveCfg = Release|Any CPU
		{6C20BB9B-B9BE-483D-B370-E8F7F7D7D353}.Release|x64.Build.0 = Release|Any CPU
		{6C20BB9B-B9BE-483D-B370-E8F7F7D7D353}.Release|x86.ActiveCfg = Release|Any CPU
		{6C20BB9B-B9BE-483D-B370-E8F7F7D7D353}.Release|x86.Build.0 = Release|Any CPU
		{F61CD25A-7DCF-41D8-B2BA-B92878F41EFF}.Debug|Any CPU.ActiveCfg = Debug|Any CPU
		{F61CD25A-7DCF-41D8-B2BA-B92878F41EFF}.Debug|Any CPU.Build.0 = Debug|Any CPU
		{F61CD25A-7DCF-41D8-B2BA-B92878F41EFF}.Debug|x64.ActiveCfg = Debug|Any CPU
		{F61CD25A-7DCF-41D8-B2BA-B92878F41EFF}.Debug|x64.Build.0 = Debug|Any CPU
		{F61CD25A-7DCF-41D8-B2BA-B92878F41EFF}.Debug|x86.ActiveCfg = Debug|Any CPU
		{F61CD25A-7DCF-41D8-B2BA-B92878F41EFF}.Debug|x86.Build.0 = Debug|Any CPU
		{F61CD25A-7DCF-41D8-B2BA-B92878F41EFF}.Release|Any CPU.ActiveCfg = Release|Any CPU
		{F61CD25A-7DCF-41D8-B2BA-B92878F41EFF}.Release|Any CPU.Build.0 = Release|Any CPU
		{F61CD25A-7DCF-41D8-B2BA-B92878F41EFF}.Release|x64.ActiveCfg = Release|Any CPU
		{F61CD25A-7DCF-41D8-B2BA-B92878F41EFF}.Release|x64.Build.0 = Release|Any CPU
		{F61CD25A-7DCF-41D8-B2BA-B92878F41EFF}.Release|x86.ActiveCfg = Release|Any CPU
		{F61CD25A-7DCF-41D8-B2BA-B92878F41EFF}.Release|x86.Build.0 = Release|Any CPU
		{523A5F88-064F-4C93-A4BE-A9AEB075D5AC}.Debug|Any CPU.ActiveCfg = Debug|Any CPU
		{523A5F88-064F-4C93-A4BE-A9AEB075D5AC}.Debug|Any CPU.Build.0 = Debug|Any CPU
		{523A5F88-064F-4C93-A4BE-A9AEB075D5AC}.Debug|x64.ActiveCfg = Debug|Any CPU
		{523A5F88-064F-4C93-A4BE-A9AEB075D5AC}.Debug|x64.Build.0 = Debug|Any CPU
		{523A5F88-064F-4C93-A4BE-A9AEB075D5AC}.Debug|x86.ActiveCfg = Debug|Any CPU
		{523A5F88-064F-4C93-A4BE-A9AEB075D5AC}.Debug|x86.Build.0 = Debug|Any CPU
		{523A5F88-064F-4C93-A4BE-A9AEB075D5AC}.Release|Any CPU.ActiveCfg = Release|Any CPU
		{523A5F88-064F-4C93-A4BE-A9AEB075D5AC}.Release|Any CPU.Build.0 = Release|Any CPU
		{523A5F88-064F-4C93-A4BE-A9AEB075D5AC}.Release|x64.ActiveCfg = Release|Any CPU
		{523A5F88-064F-4C93-A4BE-A9AEB075D5AC}.Release|x64.Build.0 = Release|Any CPU
		{523A5F88-064F-4C93-A4BE-A9AEB075D5AC}.Release|x86.ActiveCfg = Release|Any CPU
		{523A5F88-064F-4C93-A4BE-A9AEB075D5AC}.Release|x86.Build.0 = Release|Any CPU
		{D45FD474-CA20-41E8-968A-073D2A91E7C6}.Debug|Any CPU.ActiveCfg = Debug|Any CPU
		{D45FD474-CA20-41E8-968A-073D2A91E7C6}.Debug|Any CPU.Build.0 = Debug|Any CPU
		{D45FD474-CA20-41E8-968A-073D2A91E7C6}.Debug|x64.ActiveCfg = Debug|Any CPU
		{D45FD474-CA20-41E8-968A-073D2A91E7C6}.Debug|x64.Build.0 = Debug|Any CPU
		{D45FD474-CA20-41E8-968A-073D2A91E7C6}.Debug|x86.ActiveCfg = Debug|Any CPU
		{D45FD474-CA20-41E8-968A-073D2A91E7C6}.Debug|x86.Build.0 = Debug|Any CPU
		{D45FD474-CA20-41E8-968A-073D2A91E7C6}.Release|Any CPU.ActiveCfg = Release|Any CPU
		{D45FD474-CA20-41E8-968A-073D2A91E7C6}.Release|Any CPU.Build.0 = Release|Any CPU
		{D45FD474-CA20-41E8-968A-073D2A91E7C6}.Release|x64.ActiveCfg = Release|Any CPU
		{D45FD474-CA20-41E8-968A-073D2A91E7C6}.Release|x64.Build.0 = Release|Any CPU
		{D45FD474-CA20-41E8-968A-073D2A91E7C6}.Release|x86.ActiveCfg = Release|Any CPU
		{D45FD474-CA20-41E8-968A-073D2A91E7C6}.Release|x86.Build.0 = Release|Any CPU
		{28CC8A0A-871B-4E00-9335-D8047AD909B6}.Debug|Any CPU.ActiveCfg = Debug|Any CPU
		{28CC8A0A-871B-4E00-9335-D8047AD909B6}.Debug|Any CPU.Build.0 = Debug|Any CPU
		{28CC8A0A-871B-4E00-9335-D8047AD909B6}.Debug|x64.ActiveCfg = Debug|Any CPU
		{28CC8A0A-871B-4E00-9335-D8047AD909B6}.Debug|x64.Build.0 = Debug|Any CPU
		{28CC8A0A-871B-4E00-9335-D8047AD909B6}.Debug|x86.ActiveCfg = Debug|Any CPU
		{28CC8A0A-871B-4E00-9335-D8047AD909B6}.Debug|x86.Build.0 = Debug|Any CPU
		{28CC8A0A-871B-4E00-9335-D8047AD909B6}.Release|Any CPU.ActiveCfg = Release|Any CPU
		{28CC8A0A-871B-4E00-9335-D8047AD909B6}.Release|Any CPU.Build.0 = Release|Any CPU
		{28CC8A0A-871B-4E00-9335-D8047AD909B6}.Release|x64.ActiveCfg = Release|Any CPU
		{28CC8A0A-871B-4E00-9335-D8047AD909B6}.Release|x64.Build.0 = Release|Any CPU
		{28CC8A0A-871B-4E00-9335-D8047AD909B6}.Release|x86.ActiveCfg = Release|Any CPU
		{28CC8A0A-871B-4E00-9335-D8047AD909B6}.Release|x86.Build.0 = Release|Any CPU
		{B9BA8923-8124-41DF-BB72-172FDCF66DA1}.Debug|Any CPU.ActiveCfg = Debug|Any CPU
		{B9BA8923-8124-41DF-BB72-172FDCF66DA1}.Debug|Any CPU.Build.0 = Debug|Any CPU
		{B9BA8923-8124-41DF-BB72-172FDCF66DA1}.Debug|x64.ActiveCfg = Debug|Any CPU
		{B9BA8923-8124-41DF-BB72-172FDCF66DA1}.Debug|x64.Build.0 = Debug|Any CPU
		{B9BA8923-8124-41DF-BB72-172FDCF66DA1}.Debug|x86.ActiveCfg = Debug|Any CPU
		{B9BA8923-8124-41DF-BB72-172FDCF66DA1}.Debug|x86.Build.0 = Debug|Any CPU
		{B9BA8923-8124-41DF-BB72-172FDCF66DA1}.Release|Any CPU.ActiveCfg = Release|Any CPU
		{B9BA8923-8124-41DF-BB72-172FDCF66DA1}.Release|Any CPU.Build.0 = Release|Any CPU
		{B9BA8923-8124-41DF-BB72-172FDCF66DA1}.Release|x64.ActiveCfg = Release|Any CPU
		{B9BA8923-8124-41DF-BB72-172FDCF66DA1}.Release|x64.Build.0 = Release|Any CPU
		{B9BA8923-8124-41DF-BB72-172FDCF66DA1}.Release|x86.ActiveCfg = Release|Any CPU
		{B9BA8923-8124-41DF-BB72-172FDCF66DA1}.Release|x86.Build.0 = Release|Any CPU
		{99571781-D39F-4FE7-B2EA-F4FE2D0D008C}.Debug|Any CPU.ActiveCfg = Debug|Any CPU
		{99571781-D39F-4FE7-B2EA-F4FE2D0D008C}.Debug|Any CPU.Build.0 = Debug|Any CPU
		{99571781-D39F-4FE7-B2EA-F4FE2D0D008C}.Debug|x64.ActiveCfg = Debug|Any CPU
		{99571781-D39F-4FE7-B2EA-F4FE2D0D008C}.Debug|x64.Build.0 = Debug|Any CPU
		{99571781-D39F-4FE7-B2EA-F4FE2D0D008C}.Debug|x86.ActiveCfg = Debug|Any CPU
		{99571781-D39F-4FE7-B2EA-F4FE2D0D008C}.Debug|x86.Build.0 = Debug|Any CPU
		{99571781-D39F-4FE7-B2EA-F4FE2D0D008C}.Release|Any CPU.ActiveCfg = Release|Any CPU
		{99571781-D39F-4FE7-B2EA-F4FE2D0D008C}.Release|Any CPU.Build.0 = Release|Any CPU
		{99571781-D39F-4FE7-B2EA-F4FE2D0D008C}.Release|x64.ActiveCfg = Release|Any CPU
		{99571781-D39F-4FE7-B2EA-F4FE2D0D008C}.Release|x64.Build.0 = Release|Any CPU
		{99571781-D39F-4FE7-B2EA-F4FE2D0D008C}.Release|x86.ActiveCfg = Release|Any CPU
		{99571781-D39F-4FE7-B2EA-F4FE2D0D008C}.Release|x86.Build.0 = Release|Any CPU
		{C067DB00-25F3-49C2-8EBF-8E5B93F55A7C}.Debug|Any CPU.ActiveCfg = Debug|Any CPU
		{C067DB00-25F3-49C2-8EBF-8E5B93F55A7C}.Debug|Any CPU.Build.0 = Debug|Any CPU
		{C067DB00-25F3-49C2-8EBF-8E5B93F55A7C}.Debug|x64.ActiveCfg = Debug|Any CPU
		{C067DB00-25F3-49C2-8EBF-8E5B93F55A7C}.Debug|x64.Build.0 = Debug|Any CPU
		{C067DB00-25F3-49C2-8EBF-8E5B93F55A7C}.Debug|x86.ActiveCfg = Debug|Any CPU
		{C067DB00-25F3-49C2-8EBF-8E5B93F55A7C}.Debug|x86.Build.0 = Debug|Any CPU
		{C067DB00-25F3-49C2-8EBF-8E5B93F55A7C}.Release|Any CPU.ActiveCfg = Release|Any CPU
		{C067DB00-25F3-49C2-8EBF-8E5B93F55A7C}.Release|Any CPU.Build.0 = Release|Any CPU
		{C067DB00-25F3-49C2-8EBF-8E5B93F55A7C}.Release|x64.ActiveCfg = Release|Any CPU
		{C067DB00-25F3-49C2-8EBF-8E5B93F55A7C}.Release|x64.Build.0 = Release|Any CPU
		{C067DB00-25F3-49C2-8EBF-8E5B93F55A7C}.Release|x86.ActiveCfg = Release|Any CPU
		{C067DB00-25F3-49C2-8EBF-8E5B93F55A7C}.Release|x86.Build.0 = Release|Any CPU
		{0E247781-1432-45B0-83B8-59E05EC4D70E}.Debug|Any CPU.ActiveCfg = Debug|Any CPU
		{0E247781-1432-45B0-83B8-59E05EC4D70E}.Debug|Any CPU.Build.0 = Debug|Any CPU
		{0E247781-1432-45B0-83B8-59E05EC4D70E}.Debug|x64.ActiveCfg = Debug|Any CPU
		{0E247781-1432-45B0-83B8-59E05EC4D70E}.Debug|x64.Build.0 = Debug|Any CPU
		{0E247781-1432-45B0-83B8-59E05EC4D70E}.Debug|x86.ActiveCfg = Debug|Any CPU
		{0E247781-1432-45B0-83B8-59E05EC4D70E}.Debug|x86.Build.0 = Debug|Any CPU
		{0E247781-1432-45B0-83B8-59E05EC4D70E}.Release|Any CPU.ActiveCfg = Release|Any CPU
		{0E247781-1432-45B0-83B8-59E05EC4D70E}.Release|Any CPU.Build.0 = Release|Any CPU
		{0E247781-1432-45B0-83B8-59E05EC4D70E}.Release|x64.ActiveCfg = Release|Any CPU
		{0E247781-1432-45B0-83B8-59E05EC4D70E}.Release|x64.Build.0 = Release|Any CPU
		{0E247781-1432-45B0-83B8-59E05EC4D70E}.Release|x86.ActiveCfg = Release|Any CPU
		{0E247781-1432-45B0-83B8-59E05EC4D70E}.Release|x86.Build.0 = Release|Any CPU
		{C6528D5D-1818-47B1-A5FA-E607497B014D}.Debug|Any CPU.ActiveCfg = Debug|Any CPU
		{C6528D5D-1818-47B1-A5FA-E607497B014D}.Debug|Any CPU.Build.0 = Debug|Any CPU
		{C6528D5D-1818-47B1-A5FA-E607497B014D}.Debug|x64.ActiveCfg = Debug|Any CPU
		{C6528D5D-1818-47B1-A5FA-E607497B014D}.Debug|x64.Build.0 = Debug|Any CPU
		{C6528D5D-1818-47B1-A5FA-E607497B014D}.Debug|x86.ActiveCfg = Debug|Any CPU
		{C6528D5D-1818-47B1-A5FA-E607497B014D}.Debug|x86.Build.0 = Debug|Any CPU
		{C6528D5D-1818-47B1-A5FA-E607497B014D}.Release|Any CPU.ActiveCfg = Release|Any CPU
		{C6528D5D-1818-47B1-A5FA-E607497B014D}.Release|Any CPU.Build.0 = Release|Any CPU
		{C6528D5D-1818-47B1-A5FA-E607497B014D}.Release|x64.ActiveCfg = Release|Any CPU
		{C6528D5D-1818-47B1-A5FA-E607497B014D}.Release|x64.Build.0 = Release|Any CPU
		{C6528D5D-1818-47B1-A5FA-E607497B014D}.Release|x86.ActiveCfg = Release|Any CPU
		{C6528D5D-1818-47B1-A5FA-E607497B014D}.Release|x86.Build.0 = Release|Any CPU
		{42645883-4946-4748-A9D3-8F342014F57F}.Debug|Any CPU.ActiveCfg = Debug|Any CPU
		{42645883-4946-4748-A9D3-8F342014F57F}.Debug|Any CPU.Build.0 = Debug|Any CPU
		{42645883-4946-4748-A9D3-8F342014F57F}.Debug|x64.ActiveCfg = Debug|Any CPU
		{42645883-4946-4748-A9D3-8F342014F57F}.Debug|x64.Build.0 = Debug|Any CPU
		{42645883-4946-4748-A9D3-8F342014F57F}.Debug|x86.ActiveCfg = Debug|Any CPU
		{42645883-4946-4748-A9D3-8F342014F57F}.Debug|x86.Build.0 = Debug|Any CPU
		{42645883-4946-4748-A9D3-8F342014F57F}.Release|Any CPU.ActiveCfg = Release|Any CPU
		{42645883-4946-4748-A9D3-8F342014F57F}.Release|Any CPU.Build.0 = Release|Any CPU
		{42645883-4946-4748-A9D3-8F342014F57F}.Release|x64.ActiveCfg = Release|Any CPU
		{42645883-4946-4748-A9D3-8F342014F57F}.Release|x64.Build.0 = Release|Any CPU
		{42645883-4946-4748-A9D3-8F342014F57F}.Release|x86.ActiveCfg = Release|Any CPU
		{42645883-4946-4748-A9D3-8F342014F57F}.Release|x86.Build.0 = Release|Any CPU
		{DA333E92-2F40-4D17-B484-8BD3547B2545}.Debug|Any CPU.ActiveCfg = Debug|Any CPU
		{DA333E92-2F40-4D17-B484-8BD3547B2545}.Debug|Any CPU.Build.0 = Debug|Any CPU
		{DA333E92-2F40-4D17-B484-8BD3547B2545}.Debug|x64.ActiveCfg = Debug|Any CPU
		{DA333E92-2F40-4D17-B484-8BD3547B2545}.Debug|x64.Build.0 = Debug|Any CPU
		{DA333E92-2F40-4D17-B484-8BD3547B2545}.Debug|x86.ActiveCfg = Debug|Any CPU
		{DA333E92-2F40-4D17-B484-8BD3547B2545}.Debug|x86.Build.0 = Debug|Any CPU
		{DA333E92-2F40-4D17-B484-8BD3547B2545}.Release|Any CPU.ActiveCfg = Release|Any CPU
		{DA333E92-2F40-4D17-B484-8BD3547B2545}.Release|Any CPU.Build.0 = Release|Any CPU
		{DA333E92-2F40-4D17-B484-8BD3547B2545}.Release|x64.ActiveCfg = Release|Any CPU
		{DA333E92-2F40-4D17-B484-8BD3547B2545}.Release|x64.Build.0 = Release|Any CPU
		{DA333E92-2F40-4D17-B484-8BD3547B2545}.Release|x86.ActiveCfg = Release|Any CPU
		{DA333E92-2F40-4D17-B484-8BD3547B2545}.Release|x86.Build.0 = Release|Any CPU
		{5054A985-1D1E-450B-970A-3B92EB9E069F}.Debug|Any CPU.ActiveCfg = Debug|Any CPU
		{5054A985-1D1E-450B-970A-3B92EB9E069F}.Debug|Any CPU.Build.0 = Debug|Any CPU
		{5054A985-1D1E-450B-970A-3B92EB9E069F}.Debug|x64.ActiveCfg = Debug|Any CPU
		{5054A985-1D1E-450B-970A-3B92EB9E069F}.Debug|x64.Build.0 = Debug|Any CPU
		{5054A985-1D1E-450B-970A-3B92EB9E069F}.Debug|x86.ActiveCfg = Debug|Any CPU
		{5054A985-1D1E-450B-970A-3B92EB9E069F}.Debug|x86.Build.0 = Debug|Any CPU
		{5054A985-1D1E-450B-970A-3B92EB9E069F}.Release|Any CPU.ActiveCfg = Release|Any CPU
		{5054A985-1D1E-450B-970A-3B92EB9E069F}.Release|Any CPU.Build.0 = Release|Any CPU
		{5054A985-1D1E-450B-970A-3B92EB9E069F}.Release|x64.ActiveCfg = Release|Any CPU
		{5054A985-1D1E-450B-970A-3B92EB9E069F}.Release|x64.Build.0 = Release|Any CPU
		{5054A985-1D1E-450B-970A-3B92EB9E069F}.Release|x86.ActiveCfg = Release|Any CPU
		{5054A985-1D1E-450B-970A-3B92EB9E069F}.Release|x86.Build.0 = Release|Any CPU
		{87DB06BC-E904-4529-AC77-0499E13A99B1}.Debug|Any CPU.ActiveCfg = Debug|Any CPU
		{87DB06BC-E904-4529-AC77-0499E13A99B1}.Debug|Any CPU.Build.0 = Debug|Any CPU
		{87DB06BC-E904-4529-AC77-0499E13A99B1}.Debug|x64.ActiveCfg = Debug|Any CPU
		{87DB06BC-E904-4529-AC77-0499E13A99B1}.Debug|x64.Build.0 = Debug|Any CPU
		{87DB06BC-E904-4529-AC77-0499E13A99B1}.Debug|x86.ActiveCfg = Debug|Any CPU
		{87DB06BC-E904-4529-AC77-0499E13A99B1}.Debug|x86.Build.0 = Debug|Any CPU
		{87DB06BC-E904-4529-AC77-0499E13A99B1}.Release|Any CPU.ActiveCfg = Release|Any CPU
		{87DB06BC-E904-4529-AC77-0499E13A99B1}.Release|Any CPU.Build.0 = Release|Any CPU
		{87DB06BC-E904-4529-AC77-0499E13A99B1}.Release|x64.ActiveCfg = Release|Any CPU
		{87DB06BC-E904-4529-AC77-0499E13A99B1}.Release|x64.Build.0 = Release|Any CPU
		{87DB06BC-E904-4529-AC77-0499E13A99B1}.Release|x86.ActiveCfg = Release|Any CPU
		{87DB06BC-E904-4529-AC77-0499E13A99B1}.Release|x86.Build.0 = Release|Any CPU
	EndGlobalSection
	GlobalSection(SolutionProperties) = preSolution
		HideSolutionNode = FALSE
	EndGlobalSection
	GlobalSection(NestedProjects) = preSolution
		{AE156C2D-CEB6-2932-52E1-7BB3F5577BA2} = {827E0CD3-B72D-47B6-A68D-7590B98EB39B}
		{54AEBDE8-F4CF-4AE6-894E-37FEC64BAF17} = {AE156C2D-CEB6-2932-52E1-7BB3F5577BA2}
		{7A1E5E41-0B43-4B2F-ACB6-12447CDAC0FE} = {AE156C2D-CEB6-2932-52E1-7BB3F5577BA2}
		{E88C8FD8-18F6-415D-BEAD-9C22C19E3CF9} = {AE156C2D-CEB6-2932-52E1-7BB3F5577BA2}
		{ABF50C71-7E12-4625-8BD4-B02B4E118363} = {AE156C2D-CEB6-2932-52E1-7BB3F5577BA2}
		{50206D49-8E92-0B21-9D9A-1772BDF39582} = {827E0CD3-B72D-47B6-A68D-7590B98EB39B}
		{D470AB3C-5E45-40E6-AF1D-CC5DABDFEAAF} = {50206D49-8E92-0B21-9D9A-1772BDF39582}
		{147E9279-5AD2-4C81-8036-28C6D7112210} = {50206D49-8E92-0B21-9D9A-1772BDF39582}
		{621A6778-11B0-4D6C-A2D7-B13AF05B6239} = {50206D49-8E92-0B21-9D9A-1772BDF39582}
		{0A625294-98C7-4DE9-8004-1229FBFF3007} = {50206D49-8E92-0B21-9D9A-1772BDF39582}
		{C8E42992-5E42-0C2B-DBFE-AA848D06431C} = {827E0CD3-B72D-47B6-A68D-7590B98EB39B}
		{E0475404-FDBB-46F7-AB6E-A4B6BAD9898D} = {C8E42992-5E42-0C2B-DBFE-AA848D06431C}
		{5730B8B0-EDE2-7326-0AC0-82D06C96F97B} = {827E0CD3-B72D-47B6-A68D-7590B98EB39B}
		{EE23FB8C-601C-414B-A2A7-D19389B72E02} = {5730B8B0-EDE2-7326-0AC0-82D06C96F97B}
		{6C20BB9B-B9BE-483D-B370-E8F7F7D7D353} = {5730B8B0-EDE2-7326-0AC0-82D06C96F97B}
		{F61CD25A-7DCF-41D8-B2BA-B92878F41EFF} = {5730B8B0-EDE2-7326-0AC0-82D06C96F97B}
		{523A5F88-064F-4C93-A4BE-A9AEB075D5AC} = {5730B8B0-EDE2-7326-0AC0-82D06C96F97B}
		{C79C3622-AC92-5B3C-4F71-0BD0E7B3816F} = {827E0CD3-B72D-47B6-A68D-7590B98EB39B}
		{D45FD474-CA20-41E8-968A-073D2A91E7C6} = {C79C3622-AC92-5B3C-4F71-0BD0E7B3816F}
		{28CC8A0A-871B-4E00-9335-D8047AD909B6} = {C79C3622-AC92-5B3C-4F71-0BD0E7B3816F}
		{B9BA8923-8124-41DF-BB72-172FDCF66DA1} = {0AB3BF05-4346-4AA6-1389-037BE0695223}
		{99571781-D39F-4FE7-B2EA-F4FE2D0D008C} = {0AB3BF05-4346-4AA6-1389-037BE0695223}
		{C067DB00-25F3-49C2-8EBF-8E5B93F55A7C} = {0AB3BF05-4346-4AA6-1389-037BE0695223}
		{0E247781-1432-45B0-83B8-59E05EC4D70E} = {50206D49-8E92-0B21-9D9A-1772BDF39582}
		{C6528D5D-1818-47B1-A5FA-E607497B014D} = {AE156C2D-CEB6-2932-52E1-7BB3F5577BA2}
		{42645883-4946-4748-A9D3-8F342014F57F} = {5730B8B0-EDE2-7326-0AC0-82D06C96F97B}
		{DA333E92-2F40-4D17-B484-8BD3547B2545} = {C79C3622-AC92-5B3C-4F71-0BD0E7B3816F}
		{5054A985-1D1E-450B-970A-3B92EB9E069F} = {C8E42992-5E42-0C2B-DBFE-AA848D06431C}
		{87DB06BC-E904-4529-AC77-0499E13A99B1} = {C79C3622-AC92-5B3C-4F71-0BD0E7B3816F}
	EndGlobalSection
EndGlobal
